
Microsoft Visual Studio Solution File, Format Version 12.00
# Visual Studio Version 17
VisualStudioVersion = 17.11.35303.130
MinimumVisualStudioVersion = 10.0.40219.1
Project("{FAE04EC0-301F-11D3-BF4B-00C04F79EFBC}") = "ATM", "ATM\ATM.csproj", "{F123FD76-6514-47CF-A438-143DE2D8E59F}"
EndProject
Global
	GlobalSection(SolutionConfigurationPlatforms) = preSolution
		Debug|Any CPU = Debug|Any CPU
		Release|Any CPU = Release|Any CPU
	EndGlobalSection
	GlobalSection(ProjectConfigurationPlatforms) = postSolution
		{F123FD76-6514-47CF-A438-143DE2D8E59F}.Debug|Any CPU.ActiveCfg = Debug|Any CPU
		{F123FD76-6514-47CF-A438-143DE2D8E59F}.Debug|Any CPU.Build.0 = Debug|Any CPU
		{F123FD76-6514-47CF-A438-143DE2D8E59F}.Release|Any CPU.ActiveCfg = Release|Any CPU
		{F123FD76-6514-47CF-A438-143DE2D8E59F}.Release|Any CPU.Build.0 = Release|Any CPU
	EndGlobalSection
	GlobalSection(SolutionProperties) = preSolution
		HideSolutionNode = FALSE
	EndGlobalSection
	GlobalSection(ExtensibilityGlobals) = postSolution
		SolutionGuid = {A2B6928D-CDFF-4E98-8760-422BBF0F929E}
	EndGlobalSection
EndGlobal
